{
    "_meta": {
        "hash": {
            "sha256": "df168c5384a16d34411ab7c316820a22045269c933a933db2847de4a357f9830"
        },
        "pipfile-spec": 6,
        "requires": {
            "python_version": "3.7"
        },
        "sources": [
            {
                "name": "pypi",
                "url": "https://pypi.org/simple",
                "verify_ssl": true
            }
        ]
    },
    "default": {
        "phue": {
            "hashes": [
                "sha256:6622a6a0a670ab82ddebdcc61a1f77ffc30808358715d17d77cce4289c37cbcc"
            ],
            "index": "pypi",
            "version": "==1.0"
        }
    },
    "develop": {}
}
